
Microsoft Visual Studio Solution File, Format Version 11.00
# Visual Studio 2010
Project("{FAE04EC0-301F-11D3-BF4B-00C04F79EFBC}") = "Assembly-CSharp", "Assembly-CSharp.csproj", "{e2da62eb-7eed-6f70-a6c2-ab07680642ab}"
EndProject
Project("{FAE04EC0-301F-11D3-BF4B-00C04F79EFBC}") = "Unity.2D.Tilemap.Extras", "Unity.2D.Tilemap.Extras.csproj", "{e6a6fa9c-3b74-a93c-9f1e-04589226c7e8}"
EndProject
Project("{FAE04EC0-301F-11D3-BF4B-00C04F79EFBC}") = "Unity.2D.Tilemap.Extras.Editor", "Unity.2D.Tilemap.Extras.Editor.csproj", "{85e5e4ad-3f13-caab-29a4-c66ec196bc5a}"
EndProject
Project("{FAE04EC0-301F-11D3-BF4B-00C04F79EFBC}") = "Unity.2D.Tilemap.Extras.Placeholder.EditorTests", "Unity.2D.Tilemap.Extras.Placeholder.EditorTests.csproj", "{d2cf222d-8a08-750c-8dfd-78cbe95f30e5}"
EndProject
Global
	GlobalSection(SolutionConfigurationPlatforms) = preSolution
		Debug|Any CPU = Debug|Any CPU
	EndGlobalSection
	GlobalSection(ProjectConfigurationPlatforms) = postSolution
		{e2da62eb-7eed-6f70-a6c2-ab07680642ab}.Debug|Any CPU.ActiveCfg = Debug|Any CPU
		{e2da62eb-7eed-6f70-a6c2-ab07680642ab}.Debug|Any CPU.Build.0 = Debug|Any CPU
		{e6a6fa9c-3b74-a93c-9f1e-04589226c7e8}.Debug|Any CPU.ActiveCfg = Debug|Any CPU
		{e6a6fa9c-3b74-a93c-9f1e-04589226c7e8}.Debug|Any CPU.Build.0 = Debug|Any CPU
		{85e5e4ad-3f13-caab-29a4-c66ec196bc5a}.Debug|Any CPU.ActiveCfg = Debug|Any CPU
		{85e5e4ad-3f13-caab-29a4-c66ec196bc5a}.Debug|Any CPU.Build.0 = Debug|Any CPU
		{d2cf222d-8a08-750c-8dfd-78cbe95f30e5}.Debug|Any CPU.ActiveCfg = Debug|Any CPU
		{d2cf222d-8a08-750c-8dfd-78cbe95f30e5}.Debug|Any CPU.Build.0 = Debug|Any CPU
	EndGlobalSection
	GlobalSection(SolutionProperties) = preSolution
		HideSolutionNode = FALSE
	EndGlobalSection
EndGlobal
